
Microsoft Visual Studio Solution File, Format Version 12.00
# Visual Studio Version 16
VisualStudioVersion = 16.0.30711.63
MinimumVisualStudioVersion = 10.0.40219.1
Project("{FAE04EC0-301F-11D3-BF4B-00C04F79EFBC}") = "Console", "Console\Console.csproj", "{B085DCB0-7CE7-45C0-B626-25AAFF7705E1}"
EndProject
Global
	GlobalSection(SolutionConfigurationPlatforms) = preSolution
		Debug|Any CPU = Debug|Any CPU
		Release|Any CPU = Release|Any CPU
	EndGlobalSection
	GlobalSection(ProjectConfigurationPlatforms) = postSolution
		{B085DCB0-7CE7-45C0-B626-25AAFF7705E1}.Debug|Any CPU.ActiveCfg = Debug|Any CPU
		{B085DCB0-7CE7-45C0-B626-25AAFF7705E1}.Debug|Any CPU.Build.0 = Debug|Any CPU
		{B085DCB0-7CE7-45C0-B626-25AAFF7705E1}.Release|Any CPU.ActiveCfg = Release|Any CPU
		{B085DCB0-7CE7-45C0-B626-25AAFF7705E1}.Release|Any CPU.Build.0 = Release|Any CPU
	EndGlobalSection
	GlobalSection(SolutionProperties) = preSolution
		HideSolutionNode = FALSE
	EndGlobalSection
	GlobalSection(ExtensibilityGlobals) = postSolution
		SolutionGuid = {7D4B069C-6BA9-47C7-A6BD-F5AB370BF4CB}
	EndGlobalSection
EndGlobal
